
Microsoft Visual Studio Solution File, Format Version 12.00
# Visual Studio Version 17
VisualStudioVersion = 17.5.33627.172
MinimumVisualStudioVersion = 10.0.40219.1
Project("{FAE04EC0-301F-11D3-BF4B-00C04F79EFBC}") = "Arrays", "Arrays\Arrays.csproj", "{E9053142-FBF6-4071-BC05-CB23FD37060E}"
EndProject
Global
	GlobalSection(SolutionConfigurationPlatforms) = preSolution
		Debug|Any CPU = Debug|Any CPU
		Release|Any CPU = Release|Any CPU
	EndGlobalSection
	GlobalSection(ProjectConfigurationPlatforms) = postSolution
		{E9053142-FBF6-4071-BC05-CB23FD37060E}.Debug|Any CPU.ActiveCfg = Debug|Any CPU
		{E9053142-FBF6-4071-BC05-CB23FD37060E}.Debug|Any CPU.Build.0 = Debug|Any CPU
		{E9053142-FBF6-4071-BC05-CB23FD37060E}.Release|Any CPU.ActiveCfg = Release|Any CPU
		{E9053142-FBF6-4071-BC05-CB23FD37060E}.Release|Any CPU.Build.0 = Release|Any CPU
	EndGlobalSection
	GlobalSection(SolutionProperties) = preSolution
		HideSolutionNode = FALSE
	EndGlobalSection
	GlobalSection(ExtensibilityGlobals) = postSolution
		SolutionGuid = {2E8733AB-BBDC-405B-A44F-D124F4A12B99}
	EndGlobalSection
EndGlobal
