
Microsoft Visual Studio Solution File, Format Version 12.00
# Visual Studio Version 17
VisualStudioVersion = 17.4.33213.308
MinimumVisualStudioVersion = 10.0.40219.1
Project("{FAE04EC0-301F-11D3-BF4B-00C04F79EFBC}") = "DateOnlyVariables", "DateOnlyVariables\DateOnlyVariables.csproj", "{6BCB5ECC-D459-4B35-AD5C-320FAB456992}"
EndProject
Global
	GlobalSection(SolutionConfigurationPlatforms) = preSolution
		Debug|Any CPU = Debug|Any CPU
		Release|Any CPU = Release|Any CPU
	EndGlobalSection
	GlobalSection(ProjectConfigurationPlatforms) = postSolution
		{6BCB5ECC-D459-4B35-AD5C-320FAB456992}.Debug|Any CPU.ActiveCfg = Debug|Any CPU
		{6BCB5ECC-D459-4B35-AD5C-320FAB456992}.Debug|Any CPU.Build.0 = Debug|Any CPU
		{6BCB5ECC-D459-4B35-AD5C-320FAB456992}.Release|Any CPU.ActiveCfg = Release|Any CPU
		{6BCB5ECC-D459-4B35-AD5C-320FAB456992}.Release|Any CPU.Build.0 = Release|Any CPU
	EndGlobalSection
	GlobalSection(SolutionProperties) = preSolution
		HideSolutionNode = FALSE
	EndGlobalSection
	GlobalSection(ExtensibilityGlobals) = postSolution
		SolutionGuid = {A5654F3A-F3CF-4802-AF65-0DEEE41AC5BE}
	EndGlobalSection
EndGlobal
