
Microsoft Visual Studio Solution File, Format Version 12.00
# Visual Studio Version 17
VisualStudioVersion = 17.4.33213.308
MinimumVisualStudioVersion = 10.0.40219.1
Project("{FAE04EC0-301F-11D3-BF4B-00C04F79EFBC}") = "Homework1", "Homework1\Homework1.csproj", "{88D6B4F1-FE40-4B00-883F-0001C50A2C67}"
EndProject
Global
	GlobalSection(SolutionConfigurationPlatforms) = preSolution
		Debug|Any CPU = Debug|Any CPU
		Release|Any CPU = Release|Any CPU
	EndGlobalSection
	GlobalSection(ProjectConfigurationPlatforms) = postSolution
		{88D6B4F1-FE40-4B00-883F-0001C50A2C67}.Debug|Any CPU.ActiveCfg = Debug|Any CPU
		{88D6B4F1-FE40-4B00-883F-0001C50A2C67}.Debug|Any CPU.Build.0 = Debug|Any CPU
		{88D6B4F1-FE40-4B00-883F-0001C50A2C67}.Release|Any CPU.ActiveCfg = Release|Any CPU
		{88D6B4F1-FE40-4B00-883F-0001C50A2C67}.Release|Any CPU.Build.0 = Release|Any CPU
	EndGlobalSection
	GlobalSection(SolutionProperties) = preSolution
		HideSolutionNode = FALSE
	EndGlobalSection
	GlobalSection(ExtensibilityGlobals) = postSolution
		SolutionGuid = {91266261-8EDC-45E1-AD71-B64A2197C33A}
	EndGlobalSection
EndGlobal
