
Microsoft Visual Studio Solution File, Format Version 12.00
# Visual Studio Version 17
VisualStudioVersion = 17.4.33213.308
MinimumVisualStudioVersion = 10.0.40219.1
Project("{FAE04EC0-301F-11D3-BF4B-00C04F79EFBC}") = "GreetingApp", "GreetingApp\GreetingApp.csproj", "{87C23DA2-BBD6-4847-AD4F-0F90B00CD46B}"
EndProject
Global
	GlobalSection(SolutionConfigurationPlatforms) = preSolution
		Debug|Any CPU = Debug|Any CPU
		Release|Any CPU = Release|Any CPU
	EndGlobalSection
	GlobalSection(ProjectConfigurationPlatforms) = postSolution
		{87C23DA2-BBD6-4847-AD4F-0F90B00CD46B}.Debug|Any CPU.ActiveCfg = Debug|Any CPU
		{87C23DA2-BBD6-4847-AD4F-0F90B00CD46B}.Debug|Any CPU.Build.0 = Debug|Any CPU
		{87C23DA2-BBD6-4847-AD4F-0F90B00CD46B}.Release|Any CPU.ActiveCfg = Release|Any CPU
		{87C23DA2-BBD6-4847-AD4F-0F90B00CD46B}.Release|Any CPU.Build.0 = Release|Any CPU
	EndGlobalSection
	GlobalSection(SolutionProperties) = preSolution
		HideSolutionNode = FALSE
	EndGlobalSection
	GlobalSection(ExtensibilityGlobals) = postSolution
		SolutionGuid = {B855B9F7-1E07-4924-B484-C88CC6F912C2}
	EndGlobalSection
EndGlobal
