
Microsoft Visual Studio Solution File, Format Version 12.00
# Visual Studio Version 17
VisualStudioVersion = 17.4.33122.133
MinimumVisualStudioVersion = 10.0.40219.1
Project("{FAE04EC0-301F-11D3-BF4B-00C04F79EFBC}") = "Fundamentals", "Fundamentals\Fundamentals.csproj", "{C03F4F28-0589-4D2D-9A3B-6CD174AFFC48}"
EndProject
Global
	GlobalSection(SolutionConfigurationPlatforms) = preSolution
		Debug|Any CPU = Debug|Any CPU
		Release|Any CPU = Release|Any CPU
	EndGlobalSection
	GlobalSection(ProjectConfigurationPlatforms) = postSolution
		{C03F4F28-0589-4D2D-9A3B-6CD174AFFC48}.Debug|Any CPU.ActiveCfg = Debug|Any CPU
		{C03F4F28-0589-4D2D-9A3B-6CD174AFFC48}.Debug|Any CPU.Build.0 = Debug|Any CPU
		{C03F4F28-0589-4D2D-9A3B-6CD174AFFC48}.Release|Any CPU.ActiveCfg = Release|Any CPU
		{C03F4F28-0589-4D2D-9A3B-6CD174AFFC48}.Release|Any CPU.Build.0 = Release|Any CPU
	EndGlobalSection
	GlobalSection(SolutionProperties) = preSolution
		HideSolutionNode = FALSE
	EndGlobalSection
	GlobalSection(ExtensibilityGlobals) = postSolution
		SolutionGuid = {81E355B0-53A7-463E-8591-7FE8D11AB3D9}
	EndGlobalSection
EndGlobal
